
Microsoft Visual Studio Solution File, Format Version 12.00
# Visual Studio Version 17
VisualStudioVersion = 17.0.31903.59
MinimumVisualStudioVersion = 10.0.40219.1
Project("{2150E333-8FDC-42A3-9474-1A3956D46DE8}") = "src", "src", "{827E0CD3-B72D-47B6-A68D-7590B98EB39B}"
EndProject
Project("{FAE04EC0-301F-11D3-BF4B-00C04F79EFBC}") = "GastroErp.Domain", "src\GastroErp.Domain\GastroErp.Domain.csproj", "{096D03D3-4818-4C00-9574-FD0D04E7727A}"
EndProject
Project("{FAE04EC0-301F-11D3-BF4B-00C04F79EFBC}") = "GastroErp.Application", "src\GastroErp.Application\GastroErp.Application.csproj", "{C897D208-2212-4853-8040-26EB886C057F}"
EndProject
Project("{FAE04EC0-301F-11D3-BF4B-00C04F79EFBC}") = "GastroErp.Infrastructure", "src\GastroErp.Infrastructure\GastroErp.Infrastructure.csproj", "{6DC60FAB-10ED-403C-89C3-2FA12927D25F}"
EndProject
Project("{FAE04EC0-301F-11D3-BF4B-00C04F79EFBC}") = "GastroErp.Persistence", "src\GastroErp.Persistence\GastroErp.Persistence.csproj", "{9E811592-A31B-49A1-9495-E128B9205020}"
EndProject
Project("{FAE04EC0-301F-11D3-BF4B-00C04F79EFBC}") = "GastroErp.Presentation", "src\GastroErp.Presentation\GastroErp.Presentation.csproj", "{D14D3112-D704-470A-946B-6003D62FCDC8}"
EndProject
Project("{FAE04EC0-301F-11D3-BF4B-00C04F79EFBC}") = "GastroErp.Domain.UnitTests", "tests\GastroErp.Domain.UnitTests\GastroErp.Domain.UnitTests.csproj", "{4513FD1E-B520-4336-990D-F7EFEF331865}"
EndProject
Project("{FAE04EC0-301F-11D3-BF4B-00C04F79EFBC}") = "GastroErp.Application.UnitTests", "tests\GastroErp.Application.UnitTests\GastroErp.Application.UnitTests.csproj", "{70C311AF-92BA-408F-B852-756F20194B2B}"
EndProject
Global
	GlobalSection(SolutionConfigurationPlatforms) = preSolution
		Debug|Any CPU = Debug|Any CPU
		Debug|x64 = Debug|x64
		Debug|x86 = Debug|x86
		Release|Any CPU = Release|Any CPU
		Release|x64 = Release|x64
		Release|x86 = Release|x86
	EndGlobalSection
	GlobalSection(ProjectConfigurationPlatforms) = postSolution
		{096D03D3-4818-4C00-9574-FD0D04E7727A}.Debug|Any CPU.ActiveCfg = Debug|Any CPU
		{096D03D3-4818-4C00-9574-FD0D04E7727A}.Debug|Any CPU.Build.0 = Debug|Any CPU
		{096D03D3-4818-4C00-9574-FD0D04E7727A}.Debug|x64.ActiveCfg = Debug|Any CPU
		{096D03D3-4818-4C00-9574-FD0D04E7727A}.Debug|x64.Build.0 = Debug|Any CPU
		{096D03D3-4818-4C00-9574-FD0D04E7727A}.Debug|x86.ActiveCfg = Debug|Any CPU
		{096D03D3-4818-4C00-9574-FD0D04E7727A}.Debug|x86.Build.0 = Debug|Any CPU
		{096D03D3-4818-4C00-9574-FD0D04E7727A}.Release|Any CPU.ActiveCfg = Release|Any CPU
		{096D03D3-4818-4C00-9574-FD0D04E7727A}.Release|Any CPU.Build.0 = Release|Any CPU
		{096D03D3-4818-4C00-9574-FD0D04E7727A}.Release|x64.ActiveCfg = Release|Any CPU
		{096D03D3-4818-4C00-9574-FD0D04E7727A}.Release|x64.Build.0 = Release|Any CPU
		{096D03D3-4818-4C00-9574-FD0D04E7727A}.Release|x86.ActiveCfg = Release|Any CPU
		{096D03D3-4818-4C00-9574-FD0D04E7727A}.Release|x86.Build.0 = Release|Any CPU
		{C897D208-2212-4853-8040-26EB886C057F}.Debug|Any CPU.ActiveCfg = Debug|Any CPU
		{C897D208-2212-4853-8040-26EB886C057F}.Debug|Any CPU.Build.0 = Debug|Any CPU
		{C897D208-2212-4853-8040-26EB886C057F}.Debug|x64.ActiveCfg = Debug|Any CPU
		{C897D208-2212-4853-8040-26EB886C057F}.Debug|x64.Build.0 = Debug|Any CPU
		{C897D208-2212-4853-8040-26EB886C057F}.Debug|x86.ActiveCfg = Debug|Any CPU
		{C897D208-2212-4853-8040-26EB886C057F}.Debug|x86.Build.0 = Debug|Any CPU
		{C897D208-2212-4853-8040-26EB886C057F}.Release|Any CPU.ActiveCfg = Release|Any CPU
		{C897D208-2212-4853-8040-26EB886C057F}.Release|Any CPU.Build.0 = Release|Any CPU
		{C897D208-2212-4853-8040-26EB886C057F}.Release|x64.ActiveCfg = Release|Any CPU
		{C897D208-2212-4853-8040-26EB886C057F}.Release|x64.Build.0 = Release|Any CPU
		{C897D208-2212-4853-8040-26EB886C057F}.Release|x86.ActiveCfg = Release|Any CPU
		{C897D208-2212-4853-8040-26EB886C057F}.Release|x86.Build.0 = Release|Any CPU
		{6DC60FAB-10ED-403C-89C3-2FA12927D25F}.Debug|Any CPU.ActiveCfg = Debug|Any CPU
		{6DC60FAB-10ED-403C-89C3-2FA12927D25F}.Debug|Any CPU.Build.0 = Debug|Any CPU
		{6DC60FAB-10ED-403C-89C3-2FA12927D25F}.Debug|x64.ActiveCfg = Debug|Any CPU
		{6DC60FAB-10ED-403C-89C3-2FA12927D25F}.Debug|x64.Build.0 = Debug|Any CPU
		{6DC60FAB-10ED-403C-89C3-2FA12927D25F}.Debug|x86.ActiveCfg = Debug|Any CPU
		{6DC60FAB-10ED-403C-89C3-2FA12927D25F}.Debug|x86.Build.0 = Debug|Any CPU
		{6DC60FAB-10ED-403C-89C3-2FA12927D25F}.Release|Any CPU.ActiveCfg = Release|Any CPU
		{6DC60FAB-10ED-403C-89C3-2FA12927D25F}.Release|Any CPU.Build.0 = Release|Any CPU
		{6DC60FAB-10ED-403C-89C3-2FA12927D25F}.Release|x64.ActiveCfg = Release|Any CPU
		{6DC60FAB-10ED-403C-89C3-2FA12927D25F}.Release|x64.Build.0 = Release|Any CPU
		{6DC60FAB-10ED-403C-89C3-2FA12927D25F}.Release|x86.ActiveCfg = Release|Any CPU
		{6DC60FAB-10ED-403C-89C3-2FA12927D25F}.Release|x86.Build.0 = Release|Any CPU
		{9E811592-A31B-49A1-9495-E128B9205020}.Debug|Any CPU.ActiveCfg = Debug|Any CPU
		{9E811592-A31B-49A1-9495-E128B9205020}.Debug|Any CPU.Build.0 = Debug|Any CPU
		{9E811592-A31B-49A1-9495-E128B9205020}.Debug|x64.ActiveCfg = Debug|Any CPU
		{9E811592-A31B-49A1-9495-E128B9205020}.Debug|x64.Build.0 = Debug|Any CPU
		{9E811592-A31B-49A1-9495-E128B9205020}.Debug|x86.ActiveCfg = Debug|Any CPU
		{9E811592-A31B-49A1-9495-E128B9205020}.Debug|x86.Build.0 = Debug|Any CPU
		{9E811592-A31B-49A1-9495-E128B9205020}.Release|Any CPU.ActiveCfg = Release|Any CPU
		{9E811592-A31B-49A1-9495-E128B9205020}.Release|Any CPU.Build.0 = Release|Any CPU
		{9E811592-A31B-49A1-9495-E128B9205020}.Release|x64.ActiveCfg = Release|Any CPU
		{9E811592-A31B-49A1-9495-E128B9205020}.Release|x64.Build.0 = Release|Any CPU
		{9E811592-A31B-49A1-9495-E128B9205020}.Release|x86.ActiveCfg = Release|Any CPU
		{9E811592-A31B-49A1-9495-E128B9205020}.Release|x86.Build.0 = Release|Any CPU
		{D14D3112-D704-470A-946B-6003D62FCDC8}.Debug|Any CPU.ActiveCfg = Debug|Any CPU
		{D14D3112-D704-470A-946B-6003D62FCDC8}.Debug|Any CPU.Build.0 = Debug|Any CPU
		{D14D3112-D704-470A-946B-6003D62FCDC8}.Debug|x64.ActiveCfg = Debug|Any CPU
		{D14D3112-D704-470A-946B-6003D62FCDC8}.Debug|x64.Build.0 = Debug|Any CPU
		{D14D3112-D704-470A-946B-6003D62FCDC8}.Debug|x86.ActiveCfg = Debug|Any CPU
		{D14D3112-D704-470A-946B-6003D62FCDC8}.Debug|x86.Build.0 = Debug|Any CPU
		{D14D3112-D704-470A-946B-6003D62FCDC8}.Release|Any CPU.ActiveCfg = Release|Any CPU
		{D14D3112-D704-470A-946B-6003D62FCDC8}.Release|Any CPU.Build.0 = Release|Any CPU
		{D14D3112-D704-470A-946B-6003D62FCDC8}.Release|x64.ActiveCfg = Release|Any CPU
		{D14D3112-D704-470A-946B-6003D62FCDC8}.Release|x64.Build.0 = Release|Any CPU
		{D14D3112-D704-470A-946B-6003D62FCDC8}.Release|x86.ActiveCfg = Release|Any CPU
		{D14D3112-D704-470A-946B-6003D62FCDC8}.Release|x86.Build.0 = Release|Any CPU
		{4513FD1E-B520-4336-990D-F7EFEF331865}.Debug|Any CPU.ActiveCfg = Debug|Any CPU
		{4513FD1E-B520-4336-990D-F7EFEF331865}.Debug|Any CPU.Build.0 = Debug|Any CPU
		{4513FD1E-B520-4336-990D-F7EFEF331865}.Debug|x64.ActiveCfg = Debug|Any CPU
		{4513FD1E-B520-4336-990D-F7EFEF331865}.Debug|x64.Build.0 = Debug|Any CPU
		{4513FD1E-B520-4336-990D-F7EFEF331865}.Debug|x86.ActiveCfg = Debug|Any CPU
		{4513FD1E-B520-4336-990D-F7EFEF331865}.Debug|x86.Build.0 = Debug|Any CPU
		{4513FD1E-B520-4336-990D-F7EFEF331865}.Release|Any CPU.ActiveCfg = Release|Any CPU
		{4513FD1E-B520-4336-990D-F7EFEF331865}.Release|Any CPU.Build.0 = Release|Any CPU
		{4513FD1E-B520-4336-990D-F7EFEF331865}.Release|x64.ActiveCfg = Release|Any CPU
		{4513FD1E-B520-4336-990D-F7EFEF331865}.Release|x64.Build.0 = Release|Any CPU
		{4513FD1E-B520-4336-990D-F7EFEF331865}.Release|x86.ActiveCfg = Release|Any CPU
		{4513FD1E-B520-4336-990D-F7EFEF331865}.Release|x86.Build.0 = Release|Any CPU
		{70C311AF-92BA-408F-B852-756F20194B2B}.Debug|Any CPU.ActiveCfg = Debug|Any CPU
		{70C311AF-92BA-408F-B852-756F20194B2B}.Debug|Any CPU.Build.0 = Debug|Any CPU
		{70C311AF-92BA-408F-B852-756F20194B2B}.Debug|x64.ActiveCfg = Debug|Any CPU
		{70C311AF-92BA-408F-B852-756F20194B2B}.Debug|x64.Build.0 = Debug|Any CPU
		{70C311AF-92BA-408F-B852-756F20194B2B}.Debug|x86.ActiveCfg = Debug|Any CPU
		{70C311AF-92BA-408F-B852-756F20194B2B}.Debug|x86.Build.0 = Debug|Any CPU
		{70C311AF-92BA-408F-B852-756F20194B2B}.Release|Any CPU.ActiveCfg = Release|Any CPU
		{70C311AF-92BA-408F-B852-756F20194B2B}.Release|Any CPU.Build.0 = Release|Any CPU
		{70C311AF-92BA-408F-B852-756F20194B2B}.Release|x64.ActiveCfg = Release|Any CPU
		{70C311AF-92BA-408F-B852-756F20194B2B}.Release|x64.Build.0 = Release|Any CPU
		{70C311AF-92BA-408F-B852-756F20194B2B}.Release|x86.ActiveCfg = Release|Any CPU
		{70C311AF-92BA-408F-B852-756F20194B2B}.Release|x86.Build.0 = Release|Any CPU
	EndGlobalSection
	GlobalSection(SolutionProperties) = preSolution
		HideSolutionNode = FALSE
	EndGlobalSection
	GlobalSection(NestedProjects) = preSolution
		{096D03D3-4818-4C00-9574-FD0D04E7727A} = {827E0CD3-B72D-47B6-A68D-7590B98EB39B}
		{C897D208-2212-4853-8040-26EB886C057F} = {827E0CD3-B72D-47B6-A68D-7590B98EB39B}
		{6DC60FAB-10ED-403C-89C3-2FA12927D25F} = {827E0CD3-B72D-47B6-A68D-7590B98EB39B}
		{9E811592-A31B-49A1-9495-E128B9205020} = {827E0CD3-B72D-47B6-A68D-7590B98EB39B}
		{D14D3112-D704-470A-946B-6003D62FCDC8} = {827E0CD3-B72D-47B6-A68D-7590B98EB39B}
		{4513FD1E-B520-4336-990D-F7EFEF331865} = {827E0CD3-B72D-47B6-A68D-7590B98EB39B}
		{70C311AF-92BA-408F-B852-756F20194B2B} = {827E0CD3-B72D-47B6-A68D-7590B98EB39B}
	EndGlobalSection
EndGlobal
